[root]
name = "lux"
version = "0.0.1"
dependencies = [
 "gfx 0.1.0 (git+https://github.com/gfx-rs/gfx-rs.git)",
 "glutin 0.0.2 (git+https://github.com/tomaka/glutin.git)",
 "vecmath 0.0.0 (git+https://github.com/PistonDevelopers/vecmath)",
]

[[package]]
name = "android_glue"
version = "0.0.1"
source = "git+https://github.com/tomaka/android-rs-glue#70636e9c03a25c83e61f06063e2437e714ed84aa"
dependencies = [
 "compile_msg 0.1.1 (git+https://github.com/huonw/compile_msg)",
]

[[package]]
name = "cocoa"
version = "0.1.1"
source = "git+https://github.com/servo/rust-cocoa#19d6f6977dcedbf29000b65d83df66cf589c20c3"

[[package]]
name = "compile_msg"
version = "0.1.1"
source = "git+https://github.com/huonw/compile_msg#32a98df61c600ca5487487d2b5e8c55f4bc7a91a"

[[package]]
name = "core_foundation"
version = "0.1.0"
source = "git+https://github.com/servo/rust-core-foundation#d2dbe4fb6f6892521a37735cd7a97098d1b64808"

[[package]]
name = "core_graphics"
version = "0.1.0"
source = "git+https://github.com/servo/rust-core-graphics#9434e2bda65d259f825104170b5fa6cc6dbaf5a9"
dependencies = [
 "core_foundation 0.1.0 (git+https://github.com/servo/rust-core-foundation)",
]

[[package]]
name = "device"
version = "0.1.0"
source = "git+https://github.com/gfx-rs/gfx-rs.git#c1d157e6487b6dbfc0d7271e044eada0b5ae487f"
dependencies = [
 "gfx_gl 0.1.0 (git+https://github.com/gfx-rs/gfx_gl.git)",
]

[[package]]
name = "gfx"
version = "0.1.0"
source = "git+https://github.com/gfx-rs/gfx-rs.git#c1d157e6487b6dbfc0d7271e044eada0b5ae487f"
dependencies = [
 "device 0.1.0 (git+https://github.com/gfx-rs/gfx-rs.git)",
 "gfx_macros 0.1.0 (git+https://github.com/gfx-rs/gfx-rs.git)",
 "render 0.1.0 (git+https://github.com/gfx-rs/gfx-rs.git)",
]

[[package]]
name = "gfx_gl"
version = "0.1.0"
source = "git+https://github.com/gfx-rs/gfx_gl.git#ed681503da2e7ed9343003e78af4767e8e4e33a8"
dependencies = [
 "gl_generator 0.0.1 (git+https://github.com/bjz/gl-rs.git)",
]

[[package]]
name = "gfx_macros"
version = "0.1.0"
source = "git+https://github.com/gfx-rs/gfx-rs.git#c1d157e6487b6dbfc0d7271e044eada0b5ae487f"

[[package]]
name = "gl_common"
version = "0.0.1"
source = "git+https://github.com/bjz/gl-rs.git#41fa9cb11188583874588180166337d8b1fc1b97"

[[package]]
name = "gl_generator"
version = "0.0.1"
source = "git+https://github.com/bjz/gl-rs.git#41fa9cb11188583874588180166337d8b1fc1b97"
dependencies = [
 "gl_common 0.0.1 (git+https://github.com/bjz/gl-rs.git)",
 "khronos_api 0.0.2 (git+https://github.com/bjz/gl-rs.git)",
 "rust-xml 0.1.2-pre (git+https://github.com/netvl/rust-xml)",
]

[[package]]
name = "glutin"
version = "0.0.2"
source = "git+https://github.com/tomaka/glutin.git#6652cd0bdfa8c8db90ed01afaccad40f17228c43"
dependencies = [
 "android_glue 0.0.1 (git+https://github.com/tomaka/android-rs-glue)",
 "cocoa 0.1.1 (git+https://github.com/servo/rust-cocoa)",
 "compile_msg 0.1.1 (git+https://github.com/huonw/compile_msg)",
 "core_graphics 0.1.0 (git+https://github.com/servo/rust-core-graphics)",
 "gl_common 0.0.1 (git+https://github.com/bjz/gl-rs.git)",
 "gl_generator 0.0.1 (git+https://github.com/bjz/gl-rs.git)",
]

[[package]]
name = "khronos_api"
version = "0.0.2"
source = "git+https://github.com/bjz/gl-rs.git#41fa9cb11188583874588180166337d8b1fc1b97"

[[package]]
name = "render"
version = "0.1.0"
source = "git+https://github.com/gfx-rs/gfx-rs.git#c1d157e6487b6dbfc0d7271e044eada0b5ae487f"
dependencies = [
 "device 0.1.0 (git+https://github.com/gfx-rs/gfx-rs.git)",
]

[[package]]
name = "rust-xml"
version = "0.1.2-pre"
source = "git+https://github.com/netvl/rust-xml#2d9df3267aeaa4d442e1e19a4dfed733cb1397ed"

[[package]]
name = "vecmath"
version = "0.0.0"
source = "git+https://github.com/PistonDevelopers/vecmath#f6fc01026677be506958dee6f61a40b991fe5bc1"

