[root]
name = "lux"
version = "0.0.1"
dependencies = [
 "gfx 0.1.0 (git+https://github.com/gfx-rs/gfx-rs.git)",
 "glutin 0.0.3-pre (git+https://github.com/tomaka/glutin.git)",
 "typemap 0.0.5 (git+https://github.com/reem/rust-typemap)",
 "vecmath 0.0.1 (git+https://github.com/PistonDevelopers/vecmath)",
]

[[package]]
name = "android_glue"
version = "0.0.1"
source = "git+https://github.com/tomaka/android-rs-glue#64698d2cae2ee560371d0ee729e12f3db3aa4dbd"
dependencies = [
 "compile_msg 0.1.1 (git+https://github.com/huonw/compile_msg)",
]

[[package]]
name = "cocoa"
version = "0.1.1"
source = "git+https://github.com/servo/rust-cocoa#aeb4db571a0ca8cc722c9372fffc60482a83ae95"

[[package]]
name = "compile_msg"
version = "0.1.1"
source = "git+https://github.com/huonw/compile_msg#e12dbf378a0b134e9ee7a6a6e26c40fb283d6f02"

[[package]]
name = "core_foundation"
version = "0.1.0"
source = "git+https://github.com/servo/rust-core-foundation#81db9ab15f67e16d7a3e9705a06cad65192014fd"

[[package]]
name = "core_graphics"
version = "0.1.0"
source = "git+https://github.com/servo/rust-core-graphics#9434e2bda65d259f825104170b5fa6cc6dbaf5a9"
dependencies = [
 "core_foundation 0.1.0 (git+https://github.com/servo/rust-core-foundation)",
]

[[package]]
name = "device"
version = "0.1.0"
source = "git+https://github.com/gfx-rs/gfx-rs.git#9360b6b64b6219182455adb42a2035e32550908e"
dependencies = [
 "gfx_gl 0.1.0 (git+https://github.com/gfx-rs/gfx_gl.git)",
 "log 0.1.5 (registry+https://github.com/rust-lang/crates.io-index)",
]

[[package]]
name = "gcc"
version = "0.1.2"
source = "registry+https://github.com/rust-lang/crates.io-index"

[[package]]
name = "gfx"
version = "0.1.0"
source = "git+https://github.com/gfx-rs/gfx-rs.git#9360b6b64b6219182455adb42a2035e32550908e"
dependencies = [
 "device 0.1.0 (git+https://github.com/gfx-rs/gfx-rs.git)",
 "gfx_macros 0.1.0 (git+https://github.com/gfx-rs/gfx-rs.git)",
 "log 0.1.5 (registry+https://github.com/rust-lang/crates.io-index)",
 "render 0.1.0 (git+https://github.com/gfx-rs/gfx-rs.git)",
 "time 0.1.5 (registry+https://github.com/rust-lang/crates.io-index)",
]

[[package]]
name = "gfx_gl"
version = "0.1.0"
source = "git+https://github.com/gfx-rs/gfx_gl.git#55240eabe0facc22ba78e532447d0815cf2acbf1"
dependencies = [
 "gl_common 0.0.3 (git+https://github.com/bjz/gl-rs.git)",
 "gl_generator 0.0.5 (git+https://github.com/bjz/gl-rs.git)",
]

[[package]]
name = "gfx_macros"
version = "0.1.0"
source = "git+https://github.com/gfx-rs/gfx-rs.git#9360b6b64b6219182455adb42a2035e32550908e"

[[package]]
name = "gl_common"
version = "0.0.3"
source = "git+https://github.com/bjz/gl-rs.git#04f8d05a75852a9a1ac45a8b7df7b8ec664764a7"

[[package]]
name = "gl_common"
version = "0.0.3"
source = "registry+https://github.com/rust-lang/crates.io-index"

[[package]]
name = "gl_generator"
version = "0.0.5"
source = "git+https://github.com/bjz/gl-rs.git#04f8d05a75852a9a1ac45a8b7df7b8ec664764a7"
dependencies = [
 "gl_common 0.0.3 (git+https://github.com/bjz/gl-rs.git)",
 "khronos_api 0.0.4 (git+https://github.com/bjz/gl-rs.git)",
 "log 0.1.5 (registry+https://github.com/rust-lang/crates.io-index)",
 "xml-rs 0.1.6 (registry+https://github.com/rust-lang/crates.io-index)",
]

[[package]]
name = "gl_generator"
version = "0.0.5"
source = "registry+https://github.com/rust-lang/crates.io-index"
dependencies = [
 "gl_common 0.0.3 (registry+https://github.com/rust-lang/crates.io-index)",
 "khronos_api 0.0.4 (registry+https://github.com/rust-lang/crates.io-index)",
 "log 0.1.5 (registry+https://github.com/rust-lang/crates.io-index)",
 "xml-rs 0.1.6 (registry+https://github.com/rust-lang/crates.io-index)",
]

[[package]]
name = "glutin"
version = "0.0.3-pre"
source = "git+https://github.com/tomaka/glutin.git#ebe32bb2d803bc22c4b309acbbd48f3dc2a12127"
dependencies = [
 "android_glue 0.0.1 (git+https://github.com/tomaka/android-rs-glue)",
 "cocoa 0.1.1 (git+https://github.com/servo/rust-cocoa)",
 "core_graphics 0.1.0 (git+https://github.com/servo/rust-core-graphics)",
 "gl_common 0.0.3 (registry+https://github.com/rust-lang/crates.io-index)",
 "gl_generator 0.0.5 (registry+https://github.com/rust-lang/crates.io-index)",
 "winapi 0.0.3 (registry+https://github.com/rust-lang/crates.io-index)",
]

[[package]]
name = "khronos_api"
version = "0.0.4"
source = "git+https://github.com/bjz/gl-rs.git#04f8d05a75852a9a1ac45a8b7df7b8ec664764a7"

[[package]]
name = "khronos_api"
version = "0.0.4"
source = "registry+https://github.com/rust-lang/crates.io-index"

[[package]]
name = "log"
version = "0.1.5"
source = "registry+https://github.com/rust-lang/crates.io-index"
dependencies = [
 "regex 0.1.5 (registry+https://github.com/rust-lang/crates.io-index)",
]

[[package]]
name = "phantom"
version = "0.0.2"
source = "registry+https://github.com/rust-lang/crates.io-index"

[[package]]
name = "regex"
version = "0.1.5"
source = "registry+https://github.com/rust-lang/crates.io-index"

[[package]]
name = "render"
version = "0.1.0"
source = "git+https://github.com/gfx-rs/gfx-rs.git#9360b6b64b6219182455adb42a2035e32550908e"
dependencies = [
 "device 0.1.0 (git+https://github.com/gfx-rs/gfx-rs.git)",
 "log 0.1.5 (registry+https://github.com/rust-lang/crates.io-index)",
]

[[package]]
name = "time"
version = "0.1.5"
source = "registry+https://github.com/rust-lang/crates.io-index"
dependencies = [
 "gcc 0.1.2 (registry+https://github.com/rust-lang/crates.io-index)",
]

[[package]]
name = "typemap"
version = "0.0.5"
source = "git+https://github.com/reem/rust-typemap#58607bd645c3c9b35bfddba2ce5304ce2090a348"
dependencies = [
 "phantom 0.0.2 (registry+https://github.com/rust-lang/crates.io-index)",
 "unsafe-any 0.1.1 (registry+https://github.com/rust-lang/crates.io-index)",
]

[[package]]
name = "unsafe-any"
version = "0.1.1"
source = "registry+https://github.com/rust-lang/crates.io-index"

[[package]]
name = "vecmath"
version = "0.0.1"
source = "git+https://github.com/PistonDevelopers/vecmath#d3d3599709673faf7ee7b5204fd5c7b5561eed4a"

[[package]]
name = "winapi"
version = "0.0.3"
source = "registry+https://github.com/rust-lang/crates.io-index"

[[package]]
name = "xml-rs"
version = "0.1.6"
source = "registry+https://github.com/rust-lang/crates.io-index"

