[root]
name = "lovely"
version = "0.0.1"
dependencies = [
 "color 0.0.1 (git+https://github.com/bjz/color-rs.git)",
 "gfx 0.1.0 (git+https://github.com/gfx-rs/gfx-rs.git)",
 "glutin 0.0.1 (git+https://github.com/tomaka/glutin.git)",
 "vecmath 0.0.0 (git+https://github.com/PistonDevelopers/vecmath)",
]

[[package]]
name = "android_glue"
version = "0.0.1"
source = "git+https://github.com/tomaka/android-rs-glue#fe9acb5bd465da1df4561e2bd4ebcc6d305134a4"
dependencies = [
 "compile_msg 0.1.0 (git+https://github.com/huonw/compile_msg)",
]

[[package]]
name = "cocoa"
version = "0.1.0"
source = "git+https://github.com/DavidPartouche/rust-cocoa#b9cbbd50adbae585f446cb5c7c70c63946676dab"

[[package]]
name = "color"
version = "0.0.1"
source = "git+https://github.com/bjz/color-rs.git#7a4461335526e04ccacc14d0394dd222817450c4"

[[package]]
name = "compile_msg"
version = "0.1.0"
source = "git+https://github.com/huonw/compile_msg#569c6f186a4ec4f6e8970dff4302b524b95ecbeb"

[[package]]
name = "core_foundation"
version = "0.1.0"
source = "git+https://github.com/servo/rust-core-foundation#6e079a065fc02f1f688f16d65be1dcb352e36eae"

[[package]]
name = "device"
version = "0.1.0"
source = "git+https://github.com/gfx-rs/gfx-rs.git#d7e47b45702ad97d7c3d7bb84ce6c66cc7c17386"
dependencies = [
 "gfx_gl 0.1.0 (git+https://github.com/gfx-rs/gfx_gl.git)",
]

[[package]]
name = "gfx"
version = "0.1.0"
source = "git+https://github.com/gfx-rs/gfx-rs.git#d7e47b45702ad97d7c3d7bb84ce6c66cc7c17386"
dependencies = [
 "device 0.1.0 (git+https://github.com/gfx-rs/gfx-rs.git)",
 "gfx_macros 0.1.0 (git+https://github.com/gfx-rs/gfx-rs.git)",
 "render 0.1.0 (git+https://github.com/gfx-rs/gfx-rs.git)",
]

[[package]]
name = "gfx_gl"
version = "0.1.0"
source = "git+https://github.com/gfx-rs/gfx_gl.git#ed681503da2e7ed9343003e78af4767e8e4e33a8"
dependencies = [
 "gl_generator 0.0.1 (git+https://github.com/bjz/gl-rs.git)",
]

[[package]]
name = "gfx_macros"
version = "0.1.0"
source = "git+https://github.com/gfx-rs/gfx-rs.git#d7e47b45702ad97d7c3d7bb84ce6c66cc7c17386"

[[package]]
name = "gl_generator"
version = "0.0.1"
source = "git+https://github.com/bjz/gl-rs.git#325b34c470b18f83756fe86e48cce56dba28d648"
dependencies = [
 "khronos_api 0.0.1 (git+https://github.com/bjz/gl-rs.git)",
 "rust-xml 0.1.0 (git+https://github.com/netvl/rust-xml)",
]

[[package]]
name = "glutin"
version = "0.0.1"
source = "git+https://github.com/tomaka/glutin.git#605bf39b78c0afc38f8d14b12605f9e3a27bac65"
dependencies = [
 "android_glue 0.0.1 (git+https://github.com/tomaka/android-rs-glue)",
 "cocoa 0.1.0 (git+https://github.com/DavidPartouche/rust-cocoa)",
 "compile_msg 0.1.0 (git+https://github.com/huonw/compile_msg)",
 "core_foundation 0.1.0 (git+https://github.com/servo/rust-core-foundation)",
 "gl_generator 0.0.1 (git+https://github.com/bjz/gl-rs.git)",
]

[[package]]
name = "khronos_api"
version = "0.0.1"
source = "git+https://github.com/bjz/gl-rs.git#325b34c470b18f83756fe86e48cce56dba28d648"

[[package]]
name = "render"
version = "0.1.0"
source = "git+https://github.com/gfx-rs/gfx-rs.git#d7e47b45702ad97d7c3d7bb84ce6c66cc7c17386"
dependencies = [
 "device 0.1.0 (git+https://github.com/gfx-rs/gfx-rs.git)",
]

[[package]]
name = "rust-xml"
version = "0.1.0"
source = "git+https://github.com/netvl/rust-xml#7d867d8020e6ee845d198e012124c698738804a2"

[[package]]
name = "vecmath"
version = "0.0.0"
source = "git+https://github.com/PistonDevelopers/vecmath#052095e8da431a8996d9b90d6745ee2d172022f2"

